<?xml version="1.0" encoding="utf-8"?>
<Project ToolsVersion="4.0" xmlns="http://schemas.microsoft.com/developer/msbuild/2003">
  <ItemGroup>
    <Filter Include="Source Files">
      <UniqueIdentifier>{4d8eea4e-2cd6-4534-8548-154cb41a876a}</UniqueIdentifier>
      <Extensions>txt</Extensions>
    </Filter>
    <Filter Include="Header Files">
      <UniqueIdentifier>{c1eee095-f515-47d8-af04-a55d566b92bb}</UniqueIdentifier>
    </Filter>
  </ItemGroup>
  <ItemGroup>
    <ClCompile Include="Lookup3Hash.cpp">
      <Filter>Source Files</Filter>
    </ClCompile>
    <ClCompile Include="wireless3.cpp" />
    <ClCompile Include="TextWireless.cpp" />
    <ClCompile Include="Hash_func.cpp">
      <Filter>Source Files</Filter>
    </ClCompile>
    <ClCompile Include="Random.cpp">
      <Filter>Source Files</Filter>
    </ClCompile>
    <ClCompile Include="Mapping.cpp">
      <Filter>Source Files</Filter>
    </ClCompile>
    <ClCompile Include="SpineDecoder.cpp">
      <Filter>Source Files</Filter>
    </ClCompile>
    <ClCompile Include="SpineEncoder.cpp">
      <Filter>Source Files</Filter>
    </ClCompile>
    <ClCompile Include="stdafx.cpp" />
    <ClCompile Include="RNG.cpp">
      <Filter>Source Files</Filter>
    </ClCompile>
    <ClCompile Include="CodeTreeNode.cpp">
      <Filter>Source Files</Filter>
    </ClCompile>
    <ClCompile Include="itppExtend.cpp">
      <Filter>Source Files</Filter>
    </ClCompile>
  </ItemGroup>
  <ItemGroup>
    <ClInclude Include="Random.h">
      <Filter>Header Files</Filter>
    </ClInclude>
    <ClInclude Include="SpineDecoder.h">
      <Filter>Header Files</Filter>
    </ClInclude>
    <ClInclude Include="SpineEncoder.h">
      <Filter>Header Files</Filter>
    </ClInclude>
    <ClInclude Include="stdafx.h" />
    <ClInclude Include="RNG.h">
      <Filter>Header Files</Filter>
    </ClInclude>
    <ClInclude Include="Hash_func.h">
      <Filter>Header Files</Filter>
    </ClInclude>
    <ClInclude Include="Mapping.h">
      <Filter>Header Files</Filter>
    </ClInclude>
    <ClInclude Include="CodeTreeNode.h">
      <Filter>Header Files</Filter>
    </ClInclude>
    <ClInclude Include="itppExtend.h">
      <Filter>Header Files</Filter>
    </ClInclude>
  </ItemGroup>
  <ItemGroup>
    <None Include="log_bao.txt" />
  </ItemGroup>
</Project>